
Microsoft Visual Studio Solution File, Format Version 12.00
# Visual Studio Version 17
VisualStudioVersion = 17.4.33205.214
MinimumVisualStudioVersion = 10.0.40219.1
Project("{FAE04EC0-301F-11D3-BF4B-00C04F79EFBC}") = "Util", "Util\Util.csproj", "{D773CE73-200F-43C0-9C39-76130FD86361}"
EndProject
Global
	GlobalSection(SolutionConfigurationPlatforms) = preSolution
		Debug|Any CPU = Debug|Any CPU
		Release|Any CPU = Release|Any CPU
	EndGlobalSection
	GlobalSection(ProjectConfigurationPlatforms) = postSolution
		{D773CE73-200F-43C0-9C39-76130FD86361}.Debug|Any CPU.ActiveCfg = Debug|Any CPU
		{D773CE73-200F-43C0-9C39-76130FD86361}.Debug|Any CPU.Build.0 = Debug|Any CPU
		{D773CE73-200F-43C0-9C39-76130FD86361}.Release|Any CPU.ActiveCfg = Release|Any CPU
		{D773CE73-200F-43C0-9C39-76130FD86361}.Release|Any CPU.Build.0 = Release|Any CPU
	EndGlobalSection
	GlobalSection(SolutionProperties) = preSolution
		HideSolutionNode = FALSE
	EndGlobalSection
	GlobalSection(ExtensibilityGlobals) = postSolution
		SolutionGuid = {02336FB5-5519-4D46-B99E-A56FE54CC705}
	EndGlobalSection
EndGlobal
